// !$*UTF8*$!
{
	archiveVersion = 1;
	classes = {
	};
	objectVersion = 50;
	objects = {

/* Begin PBXBuildFile section */
		D8070D8D218F7AD800667205 /* AppDelegate.swift in Sources */ = {isa = PBXBuildFile; fileRef = D8070D8C218F7AD800667205 /* AppDelegate.swift */; };
		D8070D8F218F7AD800667205 /* ViewController.swift in Sources */ = {isa = PBXBuildFile; fileRef = D8070D8E218F7AD800667205 /* ViewController.swift */; };
		D8070D92218F7AD800667205 /* Main.storyboard in Resources */ = {isa = PBXBuildFile; fileRef = D8070D90218F7AD800667205 /* Main.storyboard */; };
		D8070D94218F7ADA00667205 /* Assets.xcassets in Resources */ = {isa = PBXBuildFile; fileRef = D8070D93218F7ADA00667205 /* Assets.xcassets */; };
		D8070D97218F7ADA00667205 /* LaunchScreen.storyboard in Resources */ = {isa = PBXBuildFile; fileRef = D8070D95218F7ADA00667205 /* LaunchScreen.storyboard */; };
		D8070DA2218F7ADA00667205 /* AppExampleTests.swift in Sources */ = {isa = PBXBuildFile; fileRef = D8070DA1218F7ADA00667205 /* AppExampleTests.swift */; };
		D8070DAD218F7ADA00667205 /* AppExampleUITests.swift in Sources */ = {isa = PBXBuildFile; fileRef = D8070DAC218F7ADA00667205 /* AppExampleUITests.swift */; };
/* End PBXBuildFile section */

/* Begin PBXContainerItemProxy section */
		D8070D9E218F7ADA00667205 /* PBXContainerItemProxy */ = {
			isa = PBXContainerItemProxy;
			containerPortal = D8070D81218F7AD800667205 /* Project object */;
			proxyType = 1;
			remoteGlobalIDString = D8070D88218F7AD800667205;
			remoteInfo = AppExample;
		};
		D8070DA9218F7ADA00667205 /* PBXContainerItemProxy */ = {
			isa = PBXContainerItemProxy;
			containerPortal = D8070D81218F7AD800667205 /* Project object */;
			proxyType = 1;
			remoteGlobalIDString = D8070D88218F7AD800667205;
			remoteInfo = AppExample;
		};
/* End PBXContainerItemProxy section */

/* Begin PBXFileReference section */
		D8070D89218F7AD800667205 /* AppExample.app */ = {isa = PBXFileReference; explicitFileType = wrapper.application; includeInIndex = 0; path = AppExample.app; sourceTree = BUILT_PRODUCTS_DIR; };
		D8070D8C218F7AD800667205 /* AppDelegate.swift */ = {isa = PBXFileReference; lastKnownFileType = sourcecode.swift; path = AppDelegate.swift; sourceTree = "<group>"; };
		D8070D8E218F7AD800667205 /* ViewController.swift */ = {isa = PBXFileReference; lastKnownFileType = sourcecode.swift; path = ViewController.swift; sourceTree = "<group>"; };
		D8070D91218F7AD800667205 /* Base */ = {isa = PBXFileReference; lastKnownFileType = file.storyboard; name = Base; path = Base.lproj/Main.storyboard; sourceTree = "<group>"; };
		D8070D93218F7ADA00667205 /* Assets.xcassets */ = {isa = PBXFileReference; lastKnownFileType = folder.assetcatalog; path = Assets.xcassets; sourceTree = "<group>"; };
		D8070D96218F7ADA00667205 /* Base */ = {isa = PBXFileReference; lastKnownFileType = file.storyboard; name = Base; path = Base.lproj/LaunchScreen.storyboard; sourceTree = "<group>"; };
		D8070D98218F7ADA00667205 /* Info.plist */ = {isa = PBXFileReference; lastKnownFileType = text.plist.xml; path = Info.plist; sourceTree = "<group>"; };
		D8070D9D218F7ADA00667205 /* AppExampleTests.xctest */ = {isa = PBXFileReference; explicitFileType = wrapper.cfbundle; includeInIndex = 0; path = AppExampleTests.xctest; sourceTree = BUILT_PRODUCTS_DIR; };
		D8070DA1218F7ADA00667205 /* AppExampleTests.swift */ = {isa = PBXFileReference; lastKnownFileType = sourcecode.swift; path = AppExampleTests.swift; sourceTree = "<group>"; };
		D8070DA3218F7ADA00667205 /* Info.plist */ = {isa = PBXFileReference; lastKnownFileType = text.plist.xml; path = Info.plist; sourceTree = "<group>"; };
		D8070DA8218F7ADA00667205 /* AppExampleUITests.xctest */ = {isa = PBXFileReference; explicitFileType = wrapper.cfbundle; includeInIndex = 0; path = AppExampleUITests.xctest; sourceTree = BUILT_PRODUCTS_DIR; };
		D8070DAC218F7ADA00667205 /* AppExampleUITests.swift */ = {isa = PBXFileReference; lastKnownFileType = sourcecode.swift; path = AppExampleUITests.swift; sourceTree = "<group>"; };
		D8070DAE218F7ADA00667205 /* Info.plist */ = {isa = PBXFileReference; lastKnownFileType = text.plist.xml; path = Info.plist; sourceTree = "<group>"; };
/* End PBXFileReference section */

/* Begin PBXFrameworksBuildPhase section */
		D8070D86218F7AD800667205 /* Frameworks */ = {
			isa = PBXFrameworksBuildPhase;
			buildActionMask = 2147483647;
			files = (
			);
			runOnlyForDeploymentPostprocessing = 0;
		};
		D8070D9A218F7ADA00667205 /* Frameworks */ = {
			isa = PBXFrameworksBuildPhase;
			buildActionMask = 2147483647;
			files = (
			);
			runOnlyForDeploymentPostprocessing = 0;
		};
		D8070DA5218F7ADA00667205 /* Frameworks */ = {
			isa = PBXFrameworksBuildPhase;
			buildActionMask = 2147483647;
			files = (
			);
			runOnlyForDeploymentPostprocessing = 0;
		};
/* End PBXFrameworksBuildPhase section */

/* Begin PBXGroup section */
		D8070D80218F7AD800667205 = {
			isa = PBXGroup;
			children = (
				D8070D8B218F7AD800667205 /* AppExample */,
				D8070DA0218F7ADA00667205 /* AppExampleTests */,
				D8070DAB218F7ADA00667205 /* AppExampleUITests */,
				D8070D8A218F7AD800667205 /* Products */,
			);
			sourceTree = "<group>";
		};
		D8070D8A218F7AD800667205 /* Products */ = {
			isa = PBXGroup;
			children = (
				D8070D89218F7AD800667205 /* AppExample.app */,
				D8070D9D218F7ADA00667205 /* AppExampleTests.xctest */,
				D8070DA8218F7ADA00667205 /* AppExampleUITests.xctest */,
			);
			name = Products;
			sourceTree = "<group>";
		};
		D8070D8B218F7AD800667205 /* AppExample */ = {
			isa = PBXGroup;
			children = (
				D8070D8C218F7AD800667205 /* AppDelegate.swift */,
				D8070D8E218F7AD800667205 /* ViewController.swift */,
				D8070D90218F7AD800667205 /* Main.storyboard */,
				D8070D93218F7ADA00667205 /* Assets.xcassets */,
				D8070D95218F7ADA00667205 /* LaunchScreen.storyboard */,
				D8070D98218F7ADA00667205 /* Info.plist */,
			);
			path = AppExample;
			sourceTree = "<group>";
		};
		D8070DA0218F7ADA00667205 /* AppExampleTests */ = {
			isa = PBXGroup;
			children = (
				D8070DA1218F7ADA00667205 /* AppExampleTests.swift */,
				D8070DA3218F7ADA00667205 /* Info.plist */,
			);
			path = AppExampleTests;
			sourceTree = "<group>";
		};
		D8070DAB218F7ADA00667205 /* AppExampleUITests */ = {
			isa = PBXGroup;
			children = (
				D8070DAC218F7ADA00667205 /* AppExampleUITests.swift */,
				D8070DAE218F7ADA00667205 /* Info.plist */,
			);
			path = AppExampleUITests;
			sourceTree = "<group>";
		};
/* End PBXGroup section */

/* Begin PBXNativeTarget section */
		D8070D88218F7AD800667205 /* AppExample */ = {
			isa = PBXNativeTarget;
			buildConfigurationList = D8070DB1218F7ADA00667205 /* Build configuration list for PBXNativeTarget "AppExample" */;
			buildPhases = (
				D8070D85218F7AD800667205 /* Sources */,
				D8070D86218F7AD800667205 /* Frameworks */,
				D8070D87218F7AD800667205 /* Resources */,
			);
			buildRules = (
			);
			dependencies = (
			);
			name = AppExample;
			productName = AppExample;
			productReference = D8070D89218F7AD800667205 /* AppExample.app */;
			productType = "com.apple.product-type.application";
		};
		D8070D9C218F7ADA00667205 /* AppExampleTests */ = {
			isa = PBXNativeTarget;
			buildConfigurationList = D8070DB4218F7ADA00667205 /* Build configuration list for PBXNativeTarget "AppExampleTests" */;
			buildPhases = (
				D8070D99218F7ADA00667205 /* Sources */,
				D8070D9A218F7ADA00667205 /* Frameworks */,
				D8070D9B218F7ADA00667205 /* Resources */,
			);
			buildRules = (
			);
			dependencies = (
				D8070D9F218F7ADA00667205 /* PBXTargetDependency */,
			);
			name = AppExampleTests;
			productName = AppExampleTests;
			productReference = D8070D9D218F7ADA00667205 /* AppExampleTests.xctest */;
			productType = "com.apple.product-type.bundle.unit-test";
		};
		D8070DA7218F7ADA00667205 /* AppExampleUITests */ = {
			isa = PBXNativeTarget;
			buildConfigurationList = D8070DB7218F7ADA00667205 /* Build configuration list for PBXNativeTarget "AppExampleUITests" */;
			buildPhases = (
				D8070DA4218F7ADA00667205 /* Sources */,
				D8070DA5218F7ADA00667205 /* Frameworks */,
				D8070DA6218F7ADA00667205 /* Resources */,
			);
			buildRules = (
			);
			dependencies = (
				D8070DAA218F7ADA00667205 /* PBXTargetDependency */,
			);
			name = AppExampleUITests;
			productName = AppExampleUITests;
			productReference = D8070DA8218F7ADA00667205 /* AppExampleUITests.xctest */;
			productType = "com.apple.product-type.bundle.ui-testing";
		};
/* End PBXNativeTarget section */

/* Begin PBXProject section */
		D8070D81218F7AD800667205 /* Project object */ = {
			isa = PBXProject;
			attributes = {
				LastSwiftUpdateCheck = 1000;
				LastUpgradeCheck = 1000;
				ORGANIZATIONNAME = "Nathan Ranghel";
				TargetAttributes = {
					D8070D88218F7AD800667205 = {
						CreatedOnToolsVersion = 10.0;
					};
					D8070D9C218F7ADA00667205 = {
						CreatedOnToolsVersion = 10.0;
						TestTargetID = D8070D88218F7AD800667205;
					};
					D8070DA7218F7ADA00667205 = {
						CreatedOnToolsVersion = 10.0;
						TestTargetID = D8070D88218F7AD800667205;
					};
				};
			};
			buildConfigurationList = D8070D84218F7AD800667205 /* Build configuration list for PBXProject "AppExample" */;
			compatibilityVersion = "Xcode 9.3";
			developmentRegion = en;
			hasScannedForEncodings = 0;
			knownRegions = (
				en,
				Base,
			);
			mainGroup = D8070D80218F7AD800667205;
			productRefGroup = D8070D8A218F7AD800667205 /* Products */;
			projectDirPath = "";
			projectRoot = "";
			targets = (
				D8070D88218F7AD800667205 /* AppExample */,
				D8070D9C218F7ADA00667205 /* AppExampleTests */,
				D8070DA7218F7ADA00667205 /* AppExampleUITests */,
			);
		};
/* End PBXProject section */

/* Begin PBXResourcesBuildPhase section */
		D8070D87218F7AD800667205 /* Resources */ = {
			isa = PBXResourcesBuildPhase;
			buildActionMask = 2147483647;
			files = (
				D8070D97218F7ADA00667205 /* LaunchScreen.storyboard in Resources */,
				D8070D94218F7ADA00667205 /* Assets.xcassets in Resources */,
				D8070D92218F7AD800667205 /* Main.storyboard in Resources */,
			);
			runOnlyForDeploymentPostprocessing = 0;
		};
		D8070D9B218F7ADA00667205 /* Resources */ = {
			isa = PBXResourcesBuildPhase;
			buildActionMask = 2147483647;
			files = (
			);
			runOnlyForDeploymentPostprocessing = 0;
		};
		D8070DA6218F7ADA00667205 /* Resources */ = {
			isa = PBXResourcesBuildPhase;
			buildActionMask = 2147483647;
			files = (
			);
			runOnlyForDeploymentPostprocessing = 0;
		};
/* End PBXResourcesBuildPhase section */

/* Begin PBXSourcesBuildPhase section */
		D8070D85218F7AD800667205 /* Sources */ = {
			isa = PBXSourcesBuildPhase;
			buildActionMask = 2147483647;
			files = (
				D8070D8F218F7AD800667205 /* ViewController.swift in Sources */,
				D8070D8D218F7AD800667205 /* AppDelegate.swift in Sources */,
			);
			runOnlyForDeploymentPostprocessing = 0;
		};
		D8070D99218F7ADA00667205 /* Sources */ = {
			isa = PBXSourcesBuildPhase;
			buildActionMask = 2147483647;
			files = (
				D8070DA2218F7ADA00667205 /* AppExampleTests.swift in Sources */,
			);
			runOnlyForDeploymentPostprocessing = 0;
		};
		D8070DA4218F7ADA00667205 /* Sources */ = {
			isa = PBXSourcesBuildPhase;
			buildActionMask = 2147483647;
			files = (
				D8070DAD218F7ADA00667205 /* AppExampleUITests.swift in Sources */,
			);
			runOnlyForDeploymentPostprocessing = 0;
		};
/* End PBXSourcesBuildPhase section */

/* Begin PBXTargetDependency section */
		D8070D9F218F7ADA00667205 /* PBXTargetDependency */ = {
			isa = PBXTargetDependency;
			target = D8070D88218F7AD800667205 /* AppExample */;
			targetProxy = D8070D9E218F7ADA00667205 /* PBXContainerItemProxy */;
		};
		D8070DAA218F7ADA00667205 /* PBXTargetDependency */ = {
			isa = PBXTargetDependency;
			target = D8070D88218F7AD800667205 /* AppExample */;
			targetProxy = D8070DA9218F7ADA00667205 /* PBXContainerItemProxy */;
		};
/* End PBXTargetDependency section */

/* Begin PBXVariantGroup section */
		D8070D90218F7AD800667205 /* Main.storyboard */ = {
			isa = PBXVariantGroup;
			children = (
				D8070D91218F7AD800667205 /* Base */,
			);
			name = Main.storyboard;
			sourceTree = "<group>";
		};
		D8070D95218F7ADA00667205 /* LaunchScreen.storyboard */ = {
			isa = PBXVariantGroup;
			children = (
				D8070D96218F7ADA00667205 /* Base */,
			);
			name = LaunchScreen.storyboard;
			sourceTree = "<group>";
		};
/* End PBXVariantGroup section */

/* Begin XCBuildConfiguration section */
		D8070DAF218F7ADA00667205 /* Debug */ = {
			isa = XCBuildConfiguration;
			buildSettings = {
				ALWAYS_SEARCH_USER_PATHS = NO;
				CLANG_ANALYZER_NONNULL = YES;
				CLANG_ANALYZER_NUMBER_OBJECT_CONVERSION = YES_AGGRESSIVE;
				CLANG_CXX_LANGUAGE_STANDARD = "gnu++14";
				CLANG_CXX_LIBRARY = "libc++";
				CLANG_ENABLE_MODULES = YES;
				CLANG_ENABLE_OBJC_ARC = YES;
				CLANG_ENABLE_OBJC_WEAK = YES;
				CLANG_WARN_BLOCK_CAPTURE_AUTORELEASING = YES;
				CLANG_WARN_BOOL_CONVERSION = YES;
				CLANG_WARN_COMMA = YES;
				CLANG_WARN_CONSTANT_CONVERSION = YES;
				CLANG_WARN_DEPRECATED_OBJC_IMPLEMENTATIONS = YES;
				CLANG_WARN_DIRECT_OBJC_ISA_USAGE = YES_ERROR;
				CLANG_WARN_DOCUMENTATION_COMMENTS = YES;
				CLANG_WARN_EMPTY_BODY = YES;
				CLANG_WARN_ENUM_CONVERSION = YES;
				CLANG_WARN_INFINITE_RECURSION = YES;
				CLANG_WARN_INT_CONVERSION = YES;
				CLANG_WARN_NON_LITERAL_NULL_CONVERSION = YES;
				CLANG_WARN_OBJC_IMPLICIT_RETAIN_SELF = YES;
				CLANG_WARN_OBJC_LITERAL_CONVERSION = YES;
				CLANG_WARN_OBJC_ROOT_CLASS = YES_ERROR;
				CLANG_WARN_RANGE_LOOP_ANALYSIS = YES;
				CLANG_WARN_STRICT_PROTOTYPES = YES;
				CLANG_WARN_SUSPICIOUS_MOVE = YES;
				CLANG_WARN_UNGUARDED_AVAILABILITY = YES_AGGRESSIVE;
				CLANG_WARN_UNREACHABLE_CODE = YES;
				CLANG_WARN__DUPLICATE_METHOD_MATCH = YES;
				CODE_SIGN_IDENTITY = "iPhone Developer";
				COPY_PHASE_STRIP = NO;
				DEBUG_INFORMATION_FORMAT = dwarf;
				ENABLE_STRICT_OBJC_MSGSEND = YES;
				ENABLE_TESTABILITY = YES;
				GCC_C_LANGUAGE_STANDARD = gnu11;
				GCC_DYNAMIC_NO_PIC = NO;
				GCC_NO_COMMON_BLOCKS = YES;
				GCC_OPTIMIZATION_LEVEL = 0;
				GCC_PREPROCESSOR_DEFINITIONS = (
					"DEBUG=1",
					"$(inherited)",
				);
				GCC_WARN_64_TO_32_BIT_CONVERSION = YES;
				GCC_WARN_ABOUT_RETURN_TYPE = YES_ERROR;
				GCC_WARN_UNDECLARED_SELECTOR = YES;
				GCC_WARN_UNINITIALIZED_AUTOS = YES_AGGRESSIVE;
				GCC_WARN_UNUSED_FUNCTION = YES;
				GCC_WARN_UNUSED_VARIABLE = YES;
				IPHONEOS_DEPLOYMENT_TARGET = 12.0;
				MTL_ENABLE_DEBUG_INFO = INCLUDE_SOURCE;
				MTL_FAST_MATH = YES;
				ONLY_ACTIVE_ARCH = YES;
				SDKROOT = iphoneos;
				SWIFT_ACTIVE_COMPILATION_CONDITIONS = DEBUG;
				SWIFT_OPTIMIZATION_LEVEL = "-Onone";
			};
			name = Debug;
		};
		D8070DB0218F7ADA00667205 /* Release */ = {
			isa = XCBuildConfiguration;
			buildSettings = {
				ALWAYS_SEARCH_USER_PATHS = NO;
				CLANG_ANALYZER_NONNULL = YES;
				CLANG_ANALYZER_NUMBER_OBJECT_CONVERSION = YES_AGGRESSIVE;
				CLANG_CXX_LANGUAGE_STANDARD = "gnu++14";
				CLANG_CXX_LIBRARY = "libc++";
				CLANG_ENABLE_MODULES = YES;
				CLANG_ENABLE_OBJC_ARC = YES;
				CLANG_ENABLE_OBJC_WEAK = YES;
				CLANG_WARN_BLOCK_CAPTURE_AUTORELEASING = YES;
				CLANG_WARN_BOOL_CONVERSION = YES;
				CLANG_WARN_COMMA = YES;
				CLANG_WARN_CONSTANT_CONVERSION = YES;
				CLANG_WARN_DEPRECATED_OBJC_IMPLEMENTATIONS = YES;
				CLANG_WARN_DIRECT_OBJC_ISA_USAGE = YES_ERROR;
				CLANG_WARN_DOCUMENTATION_COMMENTS = YES;
				CLANG_WARN_EMPTY_BODY = YES;
				CLANG_WARN_ENUM_CONVERSION = YES;
				CLANG_WARN_INFINITE_RECURSION = YES;
				CLANG_WARN_INT_CONVERSION = YES;
				CLANG_WARN_NON_LITERAL_NULL_CONVERSION = YES;
				CLANG_WARN_OBJC_IMPLICIT_RETAIN_SELF = YES;
				CLANG_WARN_OBJC_LITERAL_CONVERSION = YES;
				CLANG_WARN_OBJC_ROOT_CLASS = YES_ERROR;
				CLANG_WARN_RANGE_LOOP_ANALYSIS = YES;
				CLANG_WARN_STRICT_PROTOTYPES = YES;
				CLANG_WARN_SUSPICIOUS_MOVE = YES;
				CLANG_WARN_UNGUARDED_AVAILABILITY = YES_AGGRESSIVE;
				CLANG_WARN_UNREACHABLE_CODE = YES;
				CLANG_WARN__DUPLICATE_METHOD_MATCH = YES;
				CODE_SIGN_IDENTITY = "iPhone Developer";
				COPY_PHASE_STRIP = NO;
				DEBUG_INFORMATION_FORMAT = "dwarf-with-dsym";
				ENABLE_NS_ASSERTIONS = NO;
				ENABLE_STRICT_OBJC_MSGSEND = YES;
				GCC_C_LANGUAGE_STANDARD = gnu11;
				GCC_NO_COMMON_BLOCKS = YES;
				GCC_WARN_64_TO_32_BIT_CONVERSION = YES;
				GCC_WARN_ABOUT_RETURN_TYPE = YES_ERROR;
				GCC_WARN_UNDECLARED_SELECTOR = YES;
				GCC_WARN_UNINITIALIZED_AUTOS = YES_AGGRESSIVE;
				GCC_WARN_UNUSED_FUNCTION = YES;
				GCC_WARN_UNUSED_VARIABLE = YES;
				IPHONEOS_DEPLOYMENT_TARGET = 12.0;
				MTL_ENABLE_DEBUG_INFO = NO;
				MTL_FAST_MATH = YES;
				SDKROOT = iphoneos;
				SWIFT_COMPILATION_MODE = wholemodule;
				SWIFT_OPTIMIZATION_LEVEL = "-O";
				VALIDATE_PRODUCT = YES;
			};
			name = Release;
		};
		D8070DB2218F7ADA00667205 /* Debug */ = {
			isa = XCBuildConfiguration;
			buildSettings = {
				ASSETCATALOG_COMPILER_APPICON_NAME = AppIcon;
				CODE_SIGN_STYLE = Automatic;
				DEVELOPMENT_TEAM = GZ968V68HZ;
				INFOPLIST_FILE = AppExample/Info.plist;
				LD_RUNPATH_SEARCH_PATHS = (
					"$(inherited)",
					"@executable_path/Frameworks",
				);
				PRODUCT_BUNDLE_IDENTIFIER = com.zapiti.AppExample;
				PRODUCT_NAME = "$(TARGET_NAME)";
				SWIFT_VERSION = 4.2;
				TARGETED_DEVICE_FAMILY = "1,2";
			};
			name = Debug;
		};
		D8070DB3218F7ADA00667205 /* Release */ = {
			isa = XCBuildConfiguration;
			buildSettings = {
				ASSETCATALOG_COMPILER_APPICON_NAME = AppIcon;
				CODE_SIGN_STYLE = Automatic;
				DEVELOPMENT_TEAM = GZ968V68HZ;
				INFOPLIST_FILE = AppExample/Info.plist;
				LD_RUNPATH_SEARCH_PATHS = (
					"$(inherited)",
					"@executable_path/Frameworks",
				);
				PRODUCT_BUNDLE_IDENTIFIER = com.zapiti.AppExample;
				PRODUCT_NAME = "$(TARGET_NAME)";
				SWIFT_VERSION = 4.2;
				TARGETED_DEVICE_FAMILY = "1,2";
			};
			name = Release;
		};
		D8070DB5218F7ADA00667205 /* Debug */ = {
			isa = XCBuildConfiguration;
			buildSettings = {
				ALWAYS_EMBED_SWIFT_STANDARD_LIBRARIES = YES;
				BUNDLE_LOADER = "$(TEST_HOST)";
				CODE_SIGN_STYLE = Automatic;
				DEVELOPMENT_TEAM = GZ968V68HZ;
				INFOPLIST_FILE = AppExampleTests/Info.plist;
				LD_RUNPATH_SEARCH_PATHS = (
					"$(inherited)",
					"@executable_path/Frameworks",
					"@loader_path/Frameworks",
				);
				PRODUCT_BUNDLE_IDENTIFIER = com.zapiti.AppExampleTests;
				PRODUCT_NAME = "$(TARGET_NAME)";
				SWIFT_VERSION = 4.2;
				TARGETED_DEVICE_FAMILY = "1,2";
				TEST_HOST = "$(BUILT_PRODUCTS_DIR)/AppExample.app/AppExample";
			};
			name = Debug;
		};
		D8070DB6218F7ADA00667205 /* Release */ = {
			isa = XCBuildConfiguration;
			buildSettings = {
				ALWAYS_EMBED_SWIFT_STANDARD_LIBRARIES = YES;
				BUNDLE_LOADER = "$(TEST_HOST)";
				CODE_SIGN_STYLE = Automatic;
				DEVELOPMENT_TEAM = GZ968V68HZ;
				INFOPLIST_FILE = AppExampleTests/Info.plist;
				LD_RUNPATH_SEARCH_PATHS = (
					"$(inherited)",
					"@executable_path/Frameworks",
					"@loader_path/Frameworks",
				);
				PRODUCT_BUNDLE_IDENTIFIER = com.zapiti.AppExampleTests;
				PRODUCT_NAME = "$(TARGET_NAME)";
				SWIFT_VERSION = 4.2;
				TARGETED_DEVICE_FAMILY = "1,2";
				TEST_HOST = "$(BUILT_PRODUCTS_DIR)/AppExample.app/AppExample";
			};
			name = Release;
		};
		D8070DB8218F7ADA00667205 /* Debug */ = {
			isa = XCBuildConfiguration;
			buildSettings = {
				ALWAYS_EMBED_SWIFT_STANDARD_LIBRARIES = YES;
				CODE_SIGN_STYLE = Automatic;
				DEVELOPMENT_TEAM = GZ968V68HZ;
				INFOPLIST_FILE = AppExampleUITests/Info.plist;
				LD_RUNPATH_SEARCH_PATHS = (
					"$(inherited)",
					"@executable_path/Frameworks",
					"@loader_path/Frameworks",
				);
				PRODUCT_BUNDLE_IDENTIFIER = com.zapiti.AppExampleUITests;
				PRODUCT_NAME = "$(TARGET_NAME)";
				SWIFT_VERSION = 4.2;
				TARGETED_DEVICE_FAMILY = "1,2";
				TEST_TARGET_NAME = AppExample;
			};
			name = Debug;
		};
		D8070DB9218F7ADA00667205 /* Release */ = {
			isa = XCBuildConfiguration;
			buildSettings = {
				ALWAYS_EMBED_SWIFT_STANDARD_LIBRARIES = YES;
				CODE_SIGN_STYLE = Automatic;
				DEVELOPMENT_TEAM = GZ968V68HZ;
				INFOPLIST_FILE = AppExampleUITests/Info.plist;
				LD_RUNPATH_SEARCH_PATHS = (
					"$(inherited)",
					"@executable_path/Frameworks",
					"@loader_path/Frameworks",
				);
				PRODUCT_BUNDLE_IDENTIFIER = com.zapiti.AppExampleUITests;
				PRODUCT_NAME = "$(TARGET_NAME)";
				SWIFT_VERSION = 4.2;
				TARGETED_DEVICE_FAMILY = "1,2";
				TEST_TARGET_NAME = AppExample;
			};
			name = Release;
		};
/* End XCBuildConfiguration section */

/* Begin XCConfigurationList section */
		D8070D84218F7AD800667205 /* Build configuration list for PBXProject "AppExample" */ = {
			isa = XCConfigurationList;
			buildConfigurations = (
				D8070DAF218F7ADA00667205 /* Debug */,
				D8070DB0218F7ADA00667205 /* Release */,
			);
			defaultConfigurationIsVisible = 0;
			defaultConfigurationName = Release;
		};
		D8070DB1218F7ADA00667205 /* Build configuration list for PBXNativeTarget "AppExample" */ = {
			isa = XCConfigurationList;
			buildConfigurations = (
				D8070DB2218F7ADA00667205 /* Debug */,
				D8070DB3218F7ADA00667205 /* Release */,
			);
			defaultConfigurationIsVisible = 0;
			defaultConfigurationName = Release;
		};
		D8070DB4218F7ADA00667205 /* Build configuration list for PBXNativeTarget "AppExampleTests" */ = {
			isa = XCConfigurationList;
			buildConfigurations = (
				D8070DB5218F7ADA00667205 /* Debug */,
				D8070DB6218F7ADA00667205 /* Release */,
			);
			defaultConfigurationIsVisible = 0;
			defaultConfigurationName = Release;
		};
		D8070DB7218F7ADA00667205 /* Build configuration list for PBXNativeTarget "AppExampleUITests" */ = {
			isa = XCConfigurationList;
			buildConfigurations = (
				D8070DB8218F7ADA00667205 /* Debug */,
				D8070DB9218F7ADA00667205 /* Release */,
			);
			defaultConfigurationIsVisible = 0;
			defaultConfigurationName = Release;
		};
/* End XCConfigurationList section */
	};
	rootObject = D8070D81218F7AD800667205 /* Project object */;
}
